
Microsoft Visual Studio Solution File, Format Version 12.00
# Visual Studio Version 17
VisualStudioVersion = 17.9.34723.18
MinimumVisualStudioVersion = 10.0.40219.1
Project("{FAE04EC0-301F-11D3-BF4B-00C04F79EFBC}") = "Stromingen", "Stromingen\Stromingen.csproj", "{42E767BD-F00E-4F7B-B7EC-DE3D664A3267}"
EndProject
Project("{FAE04EC0-301F-11D3-BF4B-00C04F79EFBC}") = "Serializers", "Serializers\Serializers.csproj", "{BE598D24-7BD8-423C-983A-30597813157F}"
EndProject
Global
	GlobalSection(SolutionConfigurationPlatforms) = preSolution
		Debug|Any CPU = Debug|Any CPU
		Release|Any CPU = Release|Any CPU
	EndGlobalSection
	GlobalSection(ProjectConfigurationPlatforms) = postSolution
		{42E767BD-F00E-4F7B-B7EC-DE3D664A3267}.Debug|Any CPU.ActiveCfg = Debug|Any CPU
		{42E767BD-F00E-4F7B-B7EC-DE3D664A3267}.Debug|Any CPU.Build.0 = Debug|Any CPU
		{42E767BD-F00E-4F7B-B7EC-DE3D664A3267}.Release|Any CPU.ActiveCfg = Release|Any CPU
		{42E767BD-F00E-4F7B-B7EC-DE3D664A3267}.Release|Any CPU.Build.0 = Release|Any CPU
		{BE598D24-7BD8-423C-983A-30597813157F}.Debug|Any CPU.ActiveCfg = Debug|Any CPU
		{BE598D24-7BD8-423C-983A-30597813157F}.Debug|Any CPU.Build.0 = Debug|Any CPU
		{BE598D24-7BD8-423C-983A-30597813157F}.Release|Any CPU.ActiveCfg = Release|Any CPU
		{BE598D24-7BD8-423C-983A-30597813157F}.Release|Any CPU.Build.0 = Release|Any CPU
	EndGlobalSection
	GlobalSection(SolutionProperties) = preSolution
		HideSolutionNode = FALSE
	EndGlobalSection
	GlobalSection(ExtensibilityGlobals) = postSolution
		SolutionGuid = {1BD6B261-28D3-4B22-8058-7552283E94B9}
	EndGlobalSection
EndGlobal
