
Microsoft Visual Studio Solution File, Format Version 12.00
# Visual Studio Version 17
VisualStudioVersion = 17.9.34723.18
MinimumVisualStudioVersion = 10.0.40219.1
Project("{FAE04EC0-301F-11D3-BF4B-00C04F79EFBC}") = "Integrity", "Integrity\Integrity.csproj", "{44BE5930-1E89-40DA-85D4-B54983435610}"
EndProject
Project("{FAE04EC0-301F-11D3-BF4B-00C04F79EFBC}") = "Confidentiality", "Confidentiality\Confidentiality.csproj", "{B9B0C2A2-2D2A-429D-834B-163C962B4118}"
EndProject
Global
	GlobalSection(SolutionConfigurationPlatforms) = preSolution
		Debug|Any CPU = Debug|Any CPU
		Release|Any CPU = Release|Any CPU
	EndGlobalSection
	GlobalSection(ProjectConfigurationPlatforms) = postSolution
		{44BE5930-1E89-40DA-85D4-B54983435610}.Debug|Any CPU.ActiveCfg = Debug|Any CPU
		{44BE5930-1E89-40DA-85D4-B54983435610}.Debug|Any CPU.Build.0 = Debug|Any CPU
		{44BE5930-1E89-40DA-85D4-B54983435610}.Release|Any CPU.ActiveCfg = Release|Any CPU
		{44BE5930-1E89-40DA-85D4-B54983435610}.Release|Any CPU.Build.0 = Release|Any CPU
		{B9B0C2A2-2D2A-429D-834B-163C962B4118}.Debug|Any CPU.ActiveCfg = Debug|Any CPU
		{B9B0C2A2-2D2A-429D-834B-163C962B4118}.Debug|Any CPU.Build.0 = Debug|Any CPU
		{B9B0C2A2-2D2A-429D-834B-163C962B4118}.Release|Any CPU.ActiveCfg = Release|Any CPU
		{B9B0C2A2-2D2A-429D-834B-163C962B4118}.Release|Any CPU.Build.0 = Release|Any CPU
	EndGlobalSection
	GlobalSection(SolutionProperties) = preSolution
		HideSolutionNode = FALSE
	EndGlobalSection
	GlobalSection(ExtensibilityGlobals) = postSolution
		SolutionGuid = {7BE3A172-739B-4048-B961-5396963424AB}
	EndGlobalSection
EndGlobal
